
Microsoft Visual Studio Solution File, Format Version 12.00
# Visual Studio Version 16
VisualStudioVersion = 16.0.29519.87
MinimumVisualStudioVersion = 10.0.40219.1
Project("{9A19103F-16F7-4668-BE54-9A1E7A4F7556}") = "Architecture.Presentation.ConsoleApp", "Architecture.Presentation.Console\Architecture.Presentation.ConsoleApp.csproj", "{561462D5-FF9A-46A4-A850-ACB2DD65A453}"
EndProject
Project("{2150E333-8FDC-42A3-9474-1A3956D46DE8}") = "10 Presentation Layer", "10 Presentation Layer", "{1EC9C3A5-AFD4-4B92-A65D-6FEF6ECBFB54}"
EndProject
Project("{2150E333-8FDC-42A3-9474-1A3956D46DE8}") = "20 Business Logic Layer", "20 Business Logic Layer", "{67A68789-DAF1-4698-82B2-8E342DCF8EEE}"
EndProject
Project("{2150E333-8FDC-42A3-9474-1A3956D46DE8}") = "30 Data Access Layer", "30 Data Access Layer", "{DCE3A491-51FC-42B4-B787-F6B685BC5209}"
EndProject
Project("{9A19103F-16F7-4668-BE54-9A1E7A4F7556}") = "Architecture.BusinessLogic.CustomerLogics.Infra", "Architecture.BusinessLogic.Customer.Infra\Architecture.BusinessLogic.CustomerLogics.Infra.csproj", "{3D6EEBCE-33DA-41B2-9DF6-29747FE1079F}"
EndProject
Project("{9A19103F-16F7-4668-BE54-9A1E7A4F7556}") = "Architecture.BusinessLogic.BankLogics.Infra", "Architecture.BusinessLogic.Bank.Infra\Architecture.BusinessLogic.BankLogics.Infra.csproj", "{785F04D6-E97F-460E-96BA-CEF861A54D24}"
EndProject
Project("{9A19103F-16F7-4668-BE54-9A1E7A4F7556}") = "Architecture.BusinessLogic.CustomerLogics", "Architecture.BusinessLogic.CustomerLogic\Architecture.BusinessLogic.CustomerLogics.csproj", "{473BAA1F-861C-4C0B-8E38-35839C233690}"
EndProject
Project("{9A19103F-16F7-4668-BE54-9A1E7A4F7556}") = "Architecture.BusinessLogic.BankLogics", "Architecture.BusinessLogic.BankLogic\Architecture.BusinessLogic.BankLogics.csproj", "{DFA2FAB0-DB75-4E2D-8FDD-6DE21A5BE088}"
EndProject
Project("{9A19103F-16F7-4668-BE54-9A1E7A4F7556}") = "Architecture.DataAccess.CustomerRepositories.Infra", "Architecture.DataAccess.CustomerRepository.Infra\Architecture.DataAccess.CustomerRepositories.Infra.csproj", "{93A21E32-A9EA-4B1F-9F0A-F8F459E8413A}"
EndProject
Project("{9A19103F-16F7-4668-BE54-9A1E7A4F7556}") = "Architecture.DataAccess.BankRepositories.Infra", "Architecture.DataAccess.BankRepositories.Infra\Architecture.DataAccess.BankRepositories.Infra.csproj", "{CEC92637-94BE-45B0-8356-38F4BA245E41}"
EndProject
Project("{9A19103F-16F7-4668-BE54-9A1E7A4F7556}") = "Architecture.DataAccess.CustomerRepositories", "Architecture.DataAccess.CustomerRepositories\Architecture.DataAccess.CustomerRepositories.csproj", "{11928BE6-D8EC-49E0-92C0-B2D706BEC380}"
	ProjectSection(ProjectDependencies) = postProject
		{87F02562-F4D7-4B77-8F79-43CFA039112A} = {87F02562-F4D7-4B77-8F79-43CFA039112A}
		{50A6B482-EEB6-4EC1-BB40-D1AEEA6070C2} = {50A6B482-EEB6-4EC1-BB40-D1AEEA6070C2}
	EndProjectSection
EndProject
Project("{9A19103F-16F7-4668-BE54-9A1E7A4F7556}") = "Architecture.DataAccess.BankRepositories", "Architecture.DataAccess.BankRepositories\Architecture.DataAccess.BankRepositories.csproj", "{F7EB9DFB-A2CA-41A7-A01C-416BCED306E8}"
EndProject
Project("{2150E333-8FDC-42A3-9474-1A3956D46DE8}") = "Bank", "Bank", "{76936717-ECCC-4E42-BCD4-7A1D1B059E33}"
EndProject
Project("{2150E333-8FDC-42A3-9474-1A3956D46DE8}") = "Customer", "Customer", "{EEFF1410-289F-4CC1-A42D-CD830880B22A}"
EndProject
Project("{2150E333-8FDC-42A3-9474-1A3956D46DE8}") = "Customer", "Customer", "{18E3D5AA-2C2E-42A1-A192-5524953590AB}"
EndProject
Project("{2150E333-8FDC-42A3-9474-1A3956D46DE8}") = "Bank", "Bank", "{F96EE428-BE27-4A8E-8582-A4F398E20139}"
EndProject
Project("{9A19103F-16F7-4668-BE54-9A1E7A4F7556}") = "Architecture.BusinessLogic.CustomerDTOs", "Architecture.BusinessLogic.CustomerViewModels\Architecture.BusinessLogic.CustomerDTOs.csproj", "{9F0151F1-104F-48D3-B6BC-92481EC35E35}"
EndProject
Project("{9A19103F-16F7-4668-BE54-9A1E7A4F7556}") = "Architecture.BusinessLogic.BankDTOs", "Architecture.BusinessLogic.BankViewModels\Architecture.BusinessLogic.BankDTOs.csproj", "{5E83C5EA-E152-4336-80B5-2F07FD3F5531}"
EndProject
Project("{9A19103F-16F7-4668-BE54-9A1E7A4F7556}") = "Architecture.DataAccess.CustomerEntities", "Architecture.DataAccess.CustomerEntities\Architecture.DataAccess.CustomerEntities.csproj", "{50A6B482-EEB6-4EC1-BB40-D1AEEA6070C2}"
EndProject
Project("{9A19103F-16F7-4668-BE54-9A1E7A4F7556}") = "Architecture.DataAccess.BankEntities", "Architecture.DataAccess.BankEntities\Architecture.DataAccess.BankEntities.csproj", "{6E13476B-D662-4C51-9449-A24A00748E4A}"
EndProject
Project("{2150E333-8FDC-42A3-9474-1A3956D46DE8}") = "0 Core", "0 Core", "{5160EEFC-4C62-434B-AE4A-F021344EBB4C}"
EndProject
Project("{9A19103F-16F7-4668-BE54-9A1E7A4F7556}") = "Architecture.Core.CompositionService", "Architecture.Core.CompositionService\Architecture.Core.CompositionService.csproj", "{ABD43B94-FD62-445B-B206-EB4F319BF17D}"
EndProject
Project("{9A19103F-16F7-4668-BE54-9A1E7A4F7556}") = "Architecture.Core.DependencyService", "Architecture.Core.DependencyService\Architecture.Core.DependencyService.csproj", "{45394A69-8DA6-4888-B576-078BC69E0A14}"
EndProject
Project("{9A19103F-16F7-4668-BE54-9A1E7A4F7556}") = "Architecture.Core.GenericRepository", "Architecture.Core.GenericRepository\Architecture.Core.GenericRepository.csproj", "{87F02562-F4D7-4B77-8F79-43CFA039112A}"
EndProject
Project("{9A19103F-16F7-4668-BE54-9A1E7A4F7556}") = "Architecture.Core.MappingService", "Architecture.Core.AutoMapper\Architecture.Core.MappingService.csproj", "{BD4B7F9E-CEA3-45F8-93A2-CCB4491B61C0}"
EndProject
Project("{9A19103F-16F7-4668-BE54-9A1E7A4F7556}") = "Architecture.BusinessLogic.CustomerMappers", "Architecture.BusinessLogic.CustomerMappers\Architecture.BusinessLogic.CustomerMappers.csproj", "{326CE841-7E59-46B0-9A76-B480034D3171}"
EndProject
Project("{9A19103F-16F7-4668-BE54-9A1E7A4F7556}") = "Architecture.Presentation.Web", "Architecture.Presentation.Web\Architecture.Presentation.Web.csproj", "{BABCAFA1-1FBF-490B-BE93-9700B6FCDBC4}"
EndProject
Project("{9A19103F-16F7-4668-BE54-9A1E7A4F7556}") = "Architecture.BusinessLogic.CustomerDTOFactories", "Architecture.BusinessLogic.CustomerDTOFactories\Architecture.BusinessLogic.CustomerDTOFactories.csproj", "{07D4E55E-66CC-4D09-A667-86B74B10F78D}"
EndProject
Project("{9A19103F-16F7-4668-BE54-9A1E7A4F7556}") = "Architecture.Core.GenericFactory", "Architecture.Core.GenericFactory\Architecture.Core.GenericFactory.csproj", "{84653644-443E-4834-BC0B-EAFEC62C6B25}"
EndProject
Project("{FAE04EC0-301F-11D3-BF4B-00C04F79EFBC}") = "Architecture.DataAccess.CustomerFactories", "Architecture.DataAccess.CustomerFactories\Architecture.DataAccess.CustomerFactories.csproj", "{6CF2A9DF-A130-44A1-80E4-279E58F8520F}"
EndProject
Project("{2150E333-8FDC-42A3-9474-1A3956D46DE8}") = "0.30 Data Access", "0.30 Data Access", "{8A83DFB4-034A-47A0-AD9E-CFAF6313A5C1}"
EndProject
Project("{2150E333-8FDC-42A3-9474-1A3956D46DE8}") = "0.0 Root", "0.0 Root", "{6481F702-006C-497F-9782-DED08CD76D64}"
EndProject
Global
	GlobalSection(SolutionConfigurationPlatforms) = preSolution
		Debug|Any CPU = Debug|Any CPU
		Release|Any CPU = Release|Any CPU
	EndGlobalSection
	GlobalSection(ProjectConfigurationPlatforms) = postSolution
		{561462D5-FF9A-46A4-A850-ACB2DD65A453}.Debug|Any CPU.ActiveCfg = Debug|Any CPU
		{561462D5-FF9A-46A4-A850-ACB2DD65A453}.Debug|Any CPU.Build.0 = Debug|Any CPU
		{561462D5-FF9A-46A4-A850-ACB2DD65A453}.Release|Any CPU.ActiveCfg = Release|Any CPU
		{561462D5-FF9A-46A4-A850-ACB2DD65A453}.Release|Any CPU.Build.0 = Release|Any CPU
		{3D6EEBCE-33DA-41B2-9DF6-29747FE1079F}.Debug|Any CPU.ActiveCfg = Debug|Any CPU
		{3D6EEBCE-33DA-41B2-9DF6-29747FE1079F}.Debug|Any CPU.Build.0 = Debug|Any CPU
		{3D6EEBCE-33DA-41B2-9DF6-29747FE1079F}.Release|Any CPU.ActiveCfg = Release|Any CPU
		{3D6EEBCE-33DA-41B2-9DF6-29747FE1079F}.Release|Any CPU.Build.0 = Release|Any CPU
		{785F04D6-E97F-460E-96BA-CEF861A54D24}.Debug|Any CPU.ActiveCfg = Debug|Any CPU
		{785F04D6-E97F-460E-96BA-CEF861A54D24}.Debug|Any CPU.Build.0 = Debug|Any CPU
		{785F04D6-E97F-460E-96BA-CEF861A54D24}.Release|Any CPU.ActiveCfg = Release|Any CPU
		{785F04D6-E97F-460E-96BA-CEF861A54D24}.Release|Any CPU.Build.0 = Release|Any CPU
		{473BAA1F-861C-4C0B-8E38-35839C233690}.Debug|Any CPU.ActiveCfg = Debug|Any CPU
		{473BAA1F-861C-4C0B-8E38-35839C233690}.Debug|Any CPU.Build.0 = Debug|Any CPU
		{473BAA1F-861C-4C0B-8E38-35839C233690}.Release|Any CPU.ActiveCfg = Release|Any CPU
		{473BAA1F-861C-4C0B-8E38-35839C233690}.Release|Any CPU.Build.0 = Release|Any CPU
		{DFA2FAB0-DB75-4E2D-8FDD-6DE21A5BE088}.Debug|Any CPU.ActiveCfg = Debug|Any CPU
		{DFA2FAB0-DB75-4E2D-8FDD-6DE21A5BE088}.Debug|Any CPU.Build.0 = Debug|Any CPU
		{DFA2FAB0-DB75-4E2D-8FDD-6DE21A5BE088}.Release|Any CPU.ActiveCfg = Release|Any CPU
		{DFA2FAB0-DB75-4E2D-8FDD-6DE21A5BE088}.Release|Any CPU.Build.0 = Release|Any CPU
		{93A21E32-A9EA-4B1F-9F0A-F8F459E8413A}.Debug|Any CPU.ActiveCfg = Debug|Any CPU
		{93A21E32-A9EA-4B1F-9F0A-F8F459E8413A}.Debug|Any CPU.Build.0 = Debug|Any CPU
		{93A21E32-A9EA-4B1F-9F0A-F8F459E8413A}.Release|Any CPU.ActiveCfg = Release|Any CPU
		{93A21E32-A9EA-4B1F-9F0A-F8F459E8413A}.Release|Any CPU.Build.0 = Release|Any CPU
		{CEC92637-94BE-45B0-8356-38F4BA245E41}.Debug|Any CPU.ActiveCfg = Debug|Any CPU
		{CEC92637-94BE-45B0-8356-38F4BA245E41}.Debug|Any CPU.Build.0 = Debug|Any CPU
		{CEC92637-94BE-45B0-8356-38F4BA245E41}.Release|Any CPU.ActiveCfg = Release|Any CPU
		{CEC92637-94BE-45B0-8356-38F4BA245E41}.Release|Any CPU.Build.0 = Release|Any CPU
		{11928BE6-D8EC-49E0-92C0-B2D706BEC380}.Debug|Any CPU.ActiveCfg = Debug|Any CPU
		{11928BE6-D8EC-49E0-92C0-B2D706BEC380}.Debug|Any CPU.Build.0 = Debug|Any CPU
		{11928BE6-D8EC-49E0-92C0-B2D706BEC380}.Release|Any CPU.ActiveCfg = Release|Any CPU
		{11928BE6-D8EC-49E0-92C0-B2D706BEC380}.Release|Any CPU.Build.0 = Release|Any CPU
		{F7EB9DFB-A2CA-41A7-A01C-416BCED306E8}.Debug|Any CPU.ActiveCfg = Debug|Any CPU
		{F7EB9DFB-A2CA-41A7-A01C-416BCED306E8}.Debug|Any CPU.Build.0 = Debug|Any CPU
		{F7EB9DFB-A2CA-41A7-A01C-416BCED306E8}.Release|Any CPU.ActiveCfg = Release|Any CPU
		{F7EB9DFB-A2CA-41A7-A01C-416BCED306E8}.Release|Any CPU.Build.0 = Release|Any CPU
		{9F0151F1-104F-48D3-B6BC-92481EC35E35}.Debug|Any CPU.ActiveCfg = Debug|Any CPU
		{9F0151F1-104F-48D3-B6BC-92481EC35E35}.Debug|Any CPU.Build.0 = Debug|Any CPU
		{9F0151F1-104F-48D3-B6BC-92481EC35E35}.Release|Any CPU.ActiveCfg = Release|Any CPU
		{9F0151F1-104F-48D3-B6BC-92481EC35E35}.Release|Any CPU.Build.0 = Release|Any CPU
		{5E83C5EA-E152-4336-80B5-2F07FD3F5531}.Debug|Any CPU.ActiveCfg = Debug|Any CPU
		{5E83C5EA-E152-4336-80B5-2F07FD3F5531}.Debug|Any CPU.Build.0 = Debug|Any CPU
		{5E83C5EA-E152-4336-80B5-2F07FD3F5531}.Release|Any CPU.ActiveCfg = Release|Any CPU
		{5E83C5EA-E152-4336-80B5-2F07FD3F5531}.Release|Any CPU.Build.0 = Release|Any CPU
		{50A6B482-EEB6-4EC1-BB40-D1AEEA6070C2}.Debug|Any CPU.ActiveCfg = Debug|Any CPU
		{50A6B482-EEB6-4EC1-BB40-D1AEEA6070C2}.Debug|Any CPU.Build.0 = Debug|Any CPU
		{50A6B482-EEB6-4EC1-BB40-D1AEEA6070C2}.Release|Any CPU.ActiveCfg = Release|Any CPU
		{50A6B482-EEB6-4EC1-BB40-D1AEEA6070C2}.Release|Any CPU.Build.0 = Release|Any CPU
		{6E13476B-D662-4C51-9449-A24A00748E4A}.Debug|Any CPU.ActiveCfg = Debug|Any CPU
		{6E13476B-D662-4C51-9449-A24A00748E4A}.Debug|Any CPU.Build.0 = Debug|Any CPU
		{6E13476B-D662-4C51-9449-A24A00748E4A}.Release|Any CPU.ActiveCfg = Release|Any CPU
		{6E13476B-D662-4C51-9449-A24A00748E4A}.Release|Any CPU.Build.0 = Release|Any CPU
		{ABD43B94-FD62-445B-B206-EB4F319BF17D}.Debug|Any CPU.ActiveCfg = Debug|Any CPU
		{ABD43B94-FD62-445B-B206-EB4F319BF17D}.Debug|Any CPU.Build.0 = Debug|Any CPU
		{ABD43B94-FD62-445B-B206-EB4F319BF17D}.Release|Any CPU.ActiveCfg = Release|Any CPU
		{ABD43B94-FD62-445B-B206-EB4F319BF17D}.Release|Any CPU.Build.0 = Release|Any CPU
		{45394A69-8DA6-4888-B576-078BC69E0A14}.Debug|Any CPU.ActiveCfg = Debug|Any CPU
		{45394A69-8DA6-4888-B576-078BC69E0A14}.Debug|Any CPU.Build.0 = Debug|Any CPU
		{45394A69-8DA6-4888-B576-078BC69E0A14}.Release|Any CPU.ActiveCfg = Release|Any CPU
		{45394A69-8DA6-4888-B576-078BC69E0A14}.Release|Any CPU.Build.0 = Release|Any CPU
		{87F02562-F4D7-4B77-8F79-43CFA039112A}.Debug|Any CPU.ActiveCfg = Debug|Any CPU
		{87F02562-F4D7-4B77-8F79-43CFA039112A}.Debug|Any CPU.Build.0 = Debug|Any CPU
		{87F02562-F4D7-4B77-8F79-43CFA039112A}.Release|Any CPU.ActiveCfg = Release|Any CPU
		{87F02562-F4D7-4B77-8F79-43CFA039112A}.Release|Any CPU.Build.0 = Release|Any CPU
		{BD4B7F9E-CEA3-45F8-93A2-CCB4491B61C0}.Debug|Any CPU.ActiveCfg = Debug|Any CPU
		{BD4B7F9E-CEA3-45F8-93A2-CCB4491B61C0}.Debug|Any CPU.Build.0 = Debug|Any CPU
		{BD4B7F9E-CEA3-45F8-93A2-CCB4491B61C0}.Release|Any CPU.ActiveCfg = Release|Any CPU
		{BD4B7F9E-CEA3-45F8-93A2-CCB4491B61C0}.Release|Any CPU.Build.0 = Release|Any CPU
		{326CE841-7E59-46B0-9A76-B480034D3171}.Debug|Any CPU.ActiveCfg = Debug|Any CPU
		{326CE841-7E59-46B0-9A76-B480034D3171}.Debug|Any CPU.Build.0 = Debug|Any CPU
		{326CE841-7E59-46B0-9A76-B480034D3171}.Release|Any CPU.ActiveCfg = Release|Any CPU
		{326CE841-7E59-46B0-9A76-B480034D3171}.Release|Any CPU.Build.0 = Release|Any CPU
		{BABCAFA1-1FBF-490B-BE93-9700B6FCDBC4}.Debug|Any CPU.ActiveCfg = Debug|Any CPU
		{BABCAFA1-1FBF-490B-BE93-9700B6FCDBC4}.Debug|Any CPU.Build.0 = Debug|Any CPU
		{BABCAFA1-1FBF-490B-BE93-9700B6FCDBC4}.Release|Any CPU.ActiveCfg = Release|Any CPU
		{BABCAFA1-1FBF-490B-BE93-9700B6FCDBC4}.Release|Any CPU.Build.0 = Release|Any CPU
		{07D4E55E-66CC-4D09-A667-86B74B10F78D}.Debug|Any CPU.ActiveCfg = Debug|Any CPU
		{07D4E55E-66CC-4D09-A667-86B74B10F78D}.Debug|Any CPU.Build.0 = Debug|Any CPU
		{07D4E55E-66CC-4D09-A667-86B74B10F78D}.Release|Any CPU.ActiveCfg = Release|Any CPU
		{07D4E55E-66CC-4D09-A667-86B74B10F78D}.Release|Any CPU.Build.0 = Release|Any CPU
		{84653644-443E-4834-BC0B-EAFEC62C6B25}.Debug|Any CPU.ActiveCfg = Debug|Any CPU
		{84653644-443E-4834-BC0B-EAFEC62C6B25}.Debug|Any CPU.Build.0 = Debug|Any CPU
		{84653644-443E-4834-BC0B-EAFEC62C6B25}.Release|Any CPU.ActiveCfg = Release|Any CPU
		{84653644-443E-4834-BC0B-EAFEC62C6B25}.Release|Any CPU.Build.0 = Release|Any CPU
		{6CF2A9DF-A130-44A1-80E4-279E58F8520F}.Debug|Any CPU.ActiveCfg = Debug|Any CPU
		{6CF2A9DF-A130-44A1-80E4-279E58F8520F}.Debug|Any CPU.Build.0 = Debug|Any CPU
		{6CF2A9DF-A130-44A1-80E4-279E58F8520F}.Release|Any CPU.ActiveCfg = Release|Any CPU
		{6CF2A9DF-A130-44A1-80E4-279E58F8520F}.Release|Any CPU.Build.0 = Release|Any CPU
	EndGlobalSection
	GlobalSection(SolutionProperties) = preSolution
		HideSolutionNode = FALSE
	EndGlobalSection
	GlobalSection(NestedProjects) = preSolution
		{561462D5-FF9A-46A4-A850-ACB2DD65A453} = {1EC9C3A5-AFD4-4B92-A65D-6FEF6ECBFB54}
		{3D6EEBCE-33DA-41B2-9DF6-29747FE1079F} = {EEFF1410-289F-4CC1-A42D-CD830880B22A}
		{785F04D6-E97F-460E-96BA-CEF861A54D24} = {76936717-ECCC-4E42-BCD4-7A1D1B059E33}
		{473BAA1F-861C-4C0B-8E38-35839C233690} = {EEFF1410-289F-4CC1-A42D-CD830880B22A}
		{DFA2FAB0-DB75-4E2D-8FDD-6DE21A5BE088} = {76936717-ECCC-4E42-BCD4-7A1D1B059E33}
		{93A21E32-A9EA-4B1F-9F0A-F8F459E8413A} = {18E3D5AA-2C2E-42A1-A192-5524953590AB}
		{CEC92637-94BE-45B0-8356-38F4BA245E41} = {F96EE428-BE27-4A8E-8582-A4F398E20139}
		{11928BE6-D8EC-49E0-92C0-B2D706BEC380} = {18E3D5AA-2C2E-42A1-A192-5524953590AB}
		{F7EB9DFB-A2CA-41A7-A01C-416BCED306E8} = {F96EE428-BE27-4A8E-8582-A4F398E20139}
		{76936717-ECCC-4E42-BCD4-7A1D1B059E33} = {67A68789-DAF1-4698-82B2-8E342DCF8EEE}
		{EEFF1410-289F-4CC1-A42D-CD830880B22A} = {67A68789-DAF1-4698-82B2-8E342DCF8EEE}
		{18E3D5AA-2C2E-42A1-A192-5524953590AB} = {DCE3A491-51FC-42B4-B787-F6B685BC5209}
		{F96EE428-BE27-4A8E-8582-A4F398E20139} = {DCE3A491-51FC-42B4-B787-F6B685BC5209}
		{9F0151F1-104F-48D3-B6BC-92481EC35E35} = {EEFF1410-289F-4CC1-A42D-CD830880B22A}
		{5E83C5EA-E152-4336-80B5-2F07FD3F5531} = {76936717-ECCC-4E42-BCD4-7A1D1B059E33}
		{50A6B482-EEB6-4EC1-BB40-D1AEEA6070C2} = {18E3D5AA-2C2E-42A1-A192-5524953590AB}
		{6E13476B-D662-4C51-9449-A24A00748E4A} = {F96EE428-BE27-4A8E-8582-A4F398E20139}
		{ABD43B94-FD62-445B-B206-EB4F319BF17D} = {6481F702-006C-497F-9782-DED08CD76D64}
		{45394A69-8DA6-4888-B576-078BC69E0A14} = {6481F702-006C-497F-9782-DED08CD76D64}
		{87F02562-F4D7-4B77-8F79-43CFA039112A} = {8A83DFB4-034A-47A0-AD9E-CFAF6313A5C1}
		{BD4B7F9E-CEA3-45F8-93A2-CCB4491B61C0} = {5160EEFC-4C62-434B-AE4A-F021344EBB4C}
		{326CE841-7E59-46B0-9A76-B480034D3171} = {EEFF1410-289F-4CC1-A42D-CD830880B22A}
		{BABCAFA1-1FBF-490B-BE93-9700B6FCDBC4} = {1EC9C3A5-AFD4-4B92-A65D-6FEF6ECBFB54}
		{07D4E55E-66CC-4D09-A667-86B74B10F78D} = {EEFF1410-289F-4CC1-A42D-CD830880B22A}
		{84653644-443E-4834-BC0B-EAFEC62C6B25} = {5160EEFC-4C62-434B-AE4A-F021344EBB4C}
		{6CF2A9DF-A130-44A1-80E4-279E58F8520F} = {18E3D5AA-2C2E-42A1-A192-5524953590AB}
		{8A83DFB4-034A-47A0-AD9E-CFAF6313A5C1} = {5160EEFC-4C62-434B-AE4A-F021344EBB4C}
		{6481F702-006C-497F-9782-DED08CD76D64} = {5160EEFC-4C62-434B-AE4A-F021344EBB4C}
	EndGlobalSection
	GlobalSection(ExtensibilityGlobals) = postSolution
		SolutionGuid = {E4237076-8092-4C7F-856E-F090AF8E52F0}
	EndGlobalSection
EndGlobal
